
Microsoft Visual Studio Solution File, Format Version 10.00
# Visual Studio 2008
Project("{8BC9CEB8-8B4A-11D0-8D11-00A0C91BC942}") = "CCMSDK-Sample", "CCMSDK-Sample\CCMSDK-Sample.vcproj", "{F6B1DC6E-C173-49F1-BD3B-065F69BC5245}"
EndProject
Global
	GlobalSection(SolutionConfigurationPlatforms) = preSolution
		Debug|Win32 = Debug|Win32
		Release|Win32 = Release|Win32
	EndGlobalSection
	GlobalSection(ProjectConfigurationPlatforms) = postSolution
		{F6B1DC6E-C173-49F1-BD3B-065F69BC5245}.Debug|Win32.ActiveCfg = Debug|Win32
		{F6B1DC6E-C173-49F1-BD3B-065F69BC5245}.Debug|Win32.Build.0 = Debug|Win32
		{F6B1DC6E-C173-49F1-BD3B-065F69BC5245}.Release|Win32.ActiveCfg = Release|Win32
		{F6B1DC6E-C173-49F1-BD3B-065F69BC5245}.Release|Win32.Build.0 = Release|Win32
	EndGlobalSection
	GlobalSection(SolutionProperties) = preSolution
		HideSolutionNode = FALSE
	EndGlobalSection
EndGlobal
